{
  "version": 4,
  "terraform_version": "1.3.3",
  "serial": 40,
  "lineage": "ec701f6c-2f89-02b4-40bf-cf9e22f49265",
  "outputs": {},
  "resources": [
    {
      "module": "module.vpc",
      "mode": "managed",
      "type": "aws_eip",
      "name": "ngw",
      "provider": "module.vpc.provider[\"registry.terraform.io/hashicorp/aws\"]",
      "instances": [
        {
          "schema_version": 0,
          "attributes": {
            "address": null,
            "allocation_id": "eipalloc-081db664f283a733c",
            "associate_with_private_ip": null,
            "association_id": "eipassoc-00f0c97d629cfe921",
            "carrier_ip": "",
            "customer_owned_ip": "",
            "customer_owned_ipv4_pool": "",
            "domain": "vpc",
            "id": "eipalloc-081db664f283a733c",
            "instance": "",
            "network_border_group": "us-west-2",
            "network_interface": "eni-08ad8e689513c12d8",
            "private_dns": "ip-10-21-141-117.us-west-2.compute.internal",
            "private_ip": "10.21.141.117",
            "public_dns": "ec2-44-227-169-124.us-west-2.compute.amazonaws.com",
            "public_ip": "44.227.169.124",
            "public_ipv4_pool": "amazon",
            "tags": {
              "Name": "eip"
            },
            "tags_all": {
              "Name": "eip"
            },
            "timeouts": null,
            "vpc": true
          },
          "sensitive_attributes": [],
          "private": "eyJlMmJmYjczMC1lY2FhLTExZTYtOGY4OC0zNDM2M2JjN2M0YzAiOnsiZGVsZXRlIjoxODAwMDAwMDAwMDAsInJlYWQiOjkwMDAwMDAwMDAwMCwidXBkYXRlIjozMDAwMDAwMDAwMDB9fQ=="
        }
      ]
    },
    {
      "module": "module.vpc",
      "mode": "managed",
      "type": "aws_internet_gateway",
      "name": "igw",
      "provider": "module.vpc.provider[\"registry.terraform.io/hashicorp/aws\"]",
      "instances": [
        {
          "schema_version": 0,
          "attributes": {
            "arn": "arn:aws:ec2:us-west-2:721598558192:internet-gateway/igw-0368a88f5d723a30a",
            "id": "igw-0368a88f5d723a30a",
            "owner_id": "721598558192",
            "tags": {
              "Name": "ca-igw"
            },
            "tags_all": {
              "Name": "ca-igw"
            },
            "vpc_id": "vpc-049f187abbf144aca"
          },
          "sensitive_attributes": [],
          "private": "bnVsbA==",
          "dependencies": [
            "module.vpc.aws_vpc.vpc"
          ]
        }
      ]
    },
    {
      "module": "module.vpc",
      "mode": "managed",
      "type": "aws_key_pair",
      "name": "key_pair",
      "provider": "module.vpc.provider[\"registry.terraform.io/hashicorp/aws\"]",
      "instances": [
        {
          "schema_version": 1,
          "attributes": {
            "arn": "arn:aws:ec2:us-west-2:721598558192:key-pair/aaa-key",
            "fingerprint": "f2:e8:a3:69:42:5f:62:96:4c:33:27:7f:59:9b:2f:a2",
            "id": "aaa-key",
            "key_name": "aaa-key",
            "key_name_prefix": "",
            "key_pair_id": "key-0f091029aad6f2c50",
            "public_key": "ssh-rsa AAAAB3NzaC1yc2EAAAADAQABAAABAQC2IRKQQJfQakQtrbWqtltz9n2J30dPBTyzTLxcnXEDgS5yy3LvdPhnUgybG1Rq0pW4oM54vy3o4POFmGJlFiXyt4ZA73akO8f99RMgBVZ8kLUgfFuH4p1AC8WW9q5vR8LcgU3F2vkk7TX1KgftZlE8zJwOXC5Sj+o9LNUtI1Rl6IkpHHCJznZi2ZHIJejVjhAvk6PbBCAx6O2Pu0ZARC7XTvHljRvWnS9ieC4/1tczKDdOajVKYK9XNRZjB5YdF6+Jwh9sHQddBX5NhHURAo+OXazXAxPKCa6dO7HGsVXAou27z4SHFXgSSHaTIJIHg0KitzRbm5SmbwDfJGuu5i8J",
            "tags": {},
            "tags_all": {}
          },
          "sensitive_attributes": [],
          "private": "eyJzY2hlbWFfdmVyc2lvbiI6IjEifQ==",
          "dependencies": [
            "module.vpc.tls_private_key.key"
          ]
        }
      ]
    },
    {
      "module": "module.vpc",
      "mode": "managed",
      "type": "aws_nat_gateway",
      "name": "NAT-gw",
      "provider": "module.vpc.provider[\"registry.terraform.io/hashicorp/aws\"]",
      "instances": [
        {
          "schema_version": 0,
          "attributes": {
            "allocation_id": "eipalloc-081db664f283a733c",
            "connectivity_type": "public",
            "id": "nat-08e006dfc29ad2477",
            "network_interface_id": "eni-08ad8e689513c12d8",
            "private_ip": "10.21.141.117",
            "public_ip": "44.227.169.124",
            "subnet_id": "subnet-0a2896de00a9614aa",
            "tags": {
              "Name": "ngw"
            },
            "tags_all": {
              "Name": "ngw"
            }
          },
          "sensitive_attributes": [],
          "private": "bnVsbA==",
          "dependencies": [
            "module.vpc.aws_eip.ngw",
            "module.vpc.aws_internet_gateway.igw",
            "module.vpc.aws_subnet.ca-public-subnet-b",
            "module.vpc.aws_vpc.vpc"
          ]
        }
      ]
    },
    {
      "module": "module.vpc",
      "mode": "managed",
      "type": "aws_route_table",
      "name": "private-rt",
      "provider": "module.vpc.provider[\"registry.terraform.io/hashicorp/aws\"]",
      "instances": [
        {
          "schema_version": 0,
          "attributes": {
            "arn": "arn:aws:ec2:us-west-2:721598558192:route-table/rtb-0baaa60b41d621a8e",
            "id": "rtb-0baaa60b41d621a8e",
            "owner_id": "721598558192",
            "propagating_vgws": [],
            "route": [
              {
                "carrier_gateway_id": "",
                "cidr_block": "0.0.0.0/0",
                "destination_prefix_list_id": "",
                "egress_only_gateway_id": "",
                "gateway_id": "",
                "instance_id": "",
                "ipv6_cidr_block": "",
                "local_gateway_id": "",
                "nat_gateway_id": "nat-08e006dfc29ad2477",
                "network_interface_id": "",
                "transit_gateway_id": "",
                "vpc_endpoint_id": "",
                "vpc_peering_connection_id": ""
              }
            ],
            "tags": {
              "Name": "private-rt"
            },
            "tags_all": {
              "Name": "private-rt"
            },
            "timeouts": null,
            "vpc_id": "vpc-049f187abbf144aca"
          },
          "sensitive_attributes": [],
          "private": "eyJlMmJmYjczMC1lY2FhLTExZTYtOGY4OC0zNDM2M2JjN2M0YzAiOnsiY3JlYXRlIjozMDAwMDAwMDAwMDAsImRlbGV0ZSI6MzAwMDAwMDAwMDAwLCJ1cGRhdGUiOjEyMDAwMDAwMDAwMH19",
          "dependencies": [
            "module.vpc.aws_eip.ngw",
            "module.vpc.aws_internet_gateway.igw",
            "module.vpc.aws_nat_gateway.NAT-gw",
            "module.vpc.aws_subnet.ca-public-subnet-b",
            "module.vpc.aws_vpc.vpc"
          ]
        }
      ]
    },
    {
      "module": "module.vpc",
      "mode": "managed",
      "type": "aws_route_table",
      "name": "public-rt",
      "provider": "module.vpc.provider[\"registry.terraform.io/hashicorp/aws\"]",
      "instances": [
        {
          "schema_version": 0,
          "attributes": {
            "arn": "arn:aws:ec2:us-west-2:721598558192:route-table/rtb-0181a25f48b5562c0",
            "id": "rtb-0181a25f48b5562c0",
            "owner_id": "721598558192",
            "propagating_vgws": [],
            "route": [
              {
                "carrier_gateway_id": "",
                "cidr_block": "0.0.0.0/0",
                "destination_prefix_list_id": "",
                "egress_only_gateway_id": "",
                "gateway_id": "igw-0368a88f5d723a30a",
                "instance_id": "",
                "ipv6_cidr_block": "",
                "local_gateway_id": "",
                "nat_gateway_id": "",
                "network_interface_id": "",
                "transit_gateway_id": "",
                "vpc_endpoint_id": "",
                "vpc_peering_connection_id": ""
              }
            ],
            "tags": {
              "Name": "public-rt"
            },
            "tags_all": {
              "Name": "public-rt"
            },
            "timeouts": null,
            "vpc_id": "vpc-049f187abbf144aca"
          },
          "sensitive_attributes": [],
          "private": "eyJlMmJmYjczMC1lY2FhLTExZTYtOGY4OC0zNDM2M2JjN2M0YzAiOnsiY3JlYXRlIjozMDAwMDAwMDAwMDAsImRlbGV0ZSI6MzAwMDAwMDAwMDAwLCJ1cGRhdGUiOjEyMDAwMDAwMDAwMH19",
          "dependencies": [
            "module.vpc.aws_internet_gateway.igw",
            "module.vpc.aws_vpc.vpc"
          ]
        }
      ]
    },
    {
      "module": "module.vpc",
      "mode": "managed",
      "type": "aws_route_table_association",
      "name": "private-rt-a",
      "provider": "module.vpc.provider[\"registry.terraform.io/hashicorp/aws\"]",
      "instances": [
        {
          "schema_version": 0,
          "attributes": {
            "gateway_id": "",
            "id": "rtbassoc-0b7d21746f12d4427",
            "route_table_id": "rtb-0baaa60b41d621a8e",
            "subnet_id": "subnet-015b69951505fe1dd"
          },
          "sensitive_attributes": [],
          "private": "bnVsbA==",
          "dependencies": [
            "module.vpc.aws_eip.ngw",
            "module.vpc.aws_internet_gateway.igw",
            "module.vpc.aws_nat_gateway.NAT-gw",
            "module.vpc.aws_route_table.private-rt",
            "module.vpc.aws_subnet.ca-private-subnet-a",
            "module.vpc.aws_subnet.ca-public-subnet-b",
            "module.vpc.aws_vpc.vpc"
          ]
        }
      ]
    },
    {
      "module": "module.vpc",
      "mode": "managed",
      "type": "aws_route_table_association",
      "name": "private-rt-b",
      "provider": "module.vpc.provider[\"registry.terraform.io/hashicorp/aws\"]",
      "instances": [
        {
          "schema_version": 0,
          "attributes": {
            "gateway_id": "",
            "id": "rtbassoc-069b9403e545d2018",
            "route_table_id": "rtb-0baaa60b41d621a8e",
            "subnet_id": "subnet-0906a0d87d7dd0b04"
          },
          "sensitive_attributes": [],
          "private": "bnVsbA==",
          "dependencies": [
            "module.vpc.aws_eip.ngw",
            "module.vpc.aws_internet_gateway.igw",
            "module.vpc.aws_nat_gateway.NAT-gw",
            "module.vpc.aws_route_table.private-rt",
            "module.vpc.aws_subnet.ca-private-subnet-b",
            "module.vpc.aws_subnet.ca-public-subnet-b",
            "module.vpc.aws_vpc.vpc"
          ]
        }
      ]
    },
    {
      "module": "module.vpc",
      "mode": "managed",
      "type": "aws_route_table_association",
      "name": "public-rt-a",
      "provider": "module.vpc.provider[\"registry.terraform.io/hashicorp/aws\"]",
      "instances": [
        {
          "schema_version": 0,
          "attributes": {
            "gateway_id": "",
            "id": "rtbassoc-0cf558d898a1d6c6e",
            "route_table_id": "rtb-0181a25f48b5562c0",
            "subnet_id": "subnet-0ff50e19b350d9601"
          },
          "sensitive_attributes": [],
          "private": "bnVsbA==",
          "dependencies": [
            "module.vpc.aws_internet_gateway.igw",
            "module.vpc.aws_route_table.public-rt",
            "module.vpc.aws_subnet.ca-public-subnet-a",
            "module.vpc.aws_vpc.vpc"
          ]
        }
      ]
    },
    {
      "module": "module.vpc",
      "mode": "managed",
      "type": "aws_route_table_association",
      "name": "public-rt-b",
      "provider": "module.vpc.provider[\"registry.terraform.io/hashicorp/aws\"]",
      "instances": [
        {
          "schema_version": 0,
          "attributes": {
            "gateway_id": "",
            "id": "rtbassoc-004f3a2999b60c4e2",
            "route_table_id": "rtb-0181a25f48b5562c0",
            "subnet_id": "subnet-0a2896de00a9614aa"
          },
          "sensitive_attributes": [],
          "private": "bnVsbA==",
          "dependencies": [
            "module.vpc.aws_internet_gateway.igw",
            "module.vpc.aws_route_table.public-rt",
            "module.vpc.aws_subnet.ca-public-subnet-b",
            "module.vpc.aws_vpc.vpc"
          ]
        }
      ]
    },
    {
      "module": "module.vpc",
      "mode": "managed",
      "type": "aws_security_group",
      "name": "vpc_security_group",
      "provider": "module.vpc.provider[\"registry.terraform.io/hashicorp/aws\"]",
      "instances": [
        {
          "schema_version": 1,
          "attributes": {
            "arn": "arn:aws:ec2:us-west-2:721598558192:security-group/sg-040579e6b75be6dfd",
            "description": "Allow traffic to Ci servers",
            "egress": [
              {
                "cidr_blocks": [
                  "0.0.0.0/0"
                ],
                "description": "",
                "from_port": 0,
                "ipv6_cidr_blocks": [],
                "prefix_list_ids": [],
                "protocol": "-1",
                "security_groups": [],
                "self": false,
                "to_port": 0
              }
            ],
            "id": "sg-040579e6b75be6dfd",
            "ingress": [
              {
                "cidr_blocks": [
                  "0.0.0.0/0"
                ],
                "description": "",
                "from_port": 22,
                "ipv6_cidr_blocks": [],
                "prefix_list_ids": [],
                "protocol": "tcp",
                "security_groups": [],
                "self": false,
                "to_port": 22
              },
              {
                "cidr_blocks": [
                  "0.0.0.0/0"
                ],
                "description": "",
                "from_port": 80,
                "ipv6_cidr_blocks": [
                  "::/0"
                ],
                "prefix_list_ids": [],
                "protocol": "tcp",
                "security_groups": [],
                "self": false,
                "to_port": 80
              }
            ],
            "name": "terraform-20221109200358614700000001",
            "name_prefix": "terraform-",
            "owner_id": "721598558192",
            "revoke_rules_on_delete": false,
            "tags": {},
            "tags_all": {},
            "timeouts": null,
            "vpc_id": "vpc-049f187abbf144aca"
          },
          "sensitive_attributes": [],
          "private": "eyJlMmJmYjczMC1lY2FhLTExZTYtOGY4OC0zNDM2M2JjN2M0YzAiOnsiY3JlYXRlIjo2MDAwMDAwMDAwMDAsImRlbGV0ZSI6OTAwMDAwMDAwMDAwfSwic2NoZW1hX3ZlcnNpb24iOiIxIn0=",
          "dependencies": [
            "module.vpc.aws_vpc.vpc"
          ]
        }
      ]
    },
    {
      "module": "module.vpc",
      "mode": "managed",
      "type": "aws_subnet",
      "name": "ca-private-subnet-a",
      "provider": "module.vpc.provider[\"registry.terraform.io/hashicorp/aws\"]",
      "instances": [
        {
          "schema_version": 1,
          "attributes": {
            "arn": "arn:aws:ec2:us-west-2:721598558192:subnet/subnet-015b69951505fe1dd",
            "assign_ipv6_address_on_creation": false,
            "availability_zone": "us-west-2a",
            "availability_zone_id": "usw2-az1",
            "cidr_block": "10.21.16.0/20",
            "customer_owned_ipv4_pool": "",
            "enable_dns64": false,
            "enable_resource_name_dns_a_record_on_launch": false,
            "enable_resource_name_dns_aaaa_record_on_launch": false,
            "id": "subnet-015b69951505fe1dd",
            "ipv6_cidr_block": "",
            "ipv6_cidr_block_association_id": "",
            "ipv6_native": false,
            "map_customer_owned_ip_on_launch": false,
            "map_public_ip_on_launch": false,
            "outpost_arn": "",
            "owner_id": "721598558192",
            "private_dns_hostname_type_on_launch": "ip-name",
            "tags": {
              "Name": "ca-private-subnet-a"
            },
            "tags_all": {
              "Name": "ca-private-subnet-a"
            },
            "timeouts": null,
            "vpc_id": "vpc-049f187abbf144aca"
          },
          "sensitive_attributes": [],
          "private": "eyJlMmJmYjczMC1lY2FhLTExZTYtOGY4OC0zNDM2M2JjN2M0YzAiOnsiY3JlYXRlIjo2MDAwMDAwMDAwMDAsImRlbGV0ZSI6MTIwMDAwMDAwMDAwMH0sInNjaGVtYV92ZXJzaW9uIjoiMSJ9",
          "dependencies": [
            "module.vpc.aws_vpc.vpc"
          ]
        }
      ]
    },
    {
      "module": "module.vpc",
      "mode": "managed",
      "type": "aws_subnet",
      "name": "ca-private-subnet-b",
      "provider": "module.vpc.provider[\"registry.terraform.io/hashicorp/aws\"]",
      "instances": [
        {
          "schema_version": 1,
          "attributes": {
            "arn": "arn:aws:ec2:us-west-2:721598558192:subnet/subnet-0906a0d87d7dd0b04",
            "assign_ipv6_address_on_creation": false,
            "availability_zone": "us-west-2b",
            "availability_zone_id": "usw2-az2",
            "cidr_block": "10.21.144.0/20",
            "customer_owned_ipv4_pool": "",
            "enable_dns64": false,
            "enable_resource_name_dns_a_record_on_launch": false,
            "enable_resource_name_dns_aaaa_record_on_launch": false,
            "id": "subnet-0906a0d87d7dd0b04",
            "ipv6_cidr_block": "",
            "ipv6_cidr_block_association_id": "",
            "ipv6_native": false,
            "map_customer_owned_ip_on_launch": false,
            "map_public_ip_on_launch": false,
            "outpost_arn": "",
            "owner_id": "721598558192",
            "private_dns_hostname_type_on_launch": "ip-name",
            "tags": {
              "Name": "ca-private-subnet-b"
            },
            "tags_all": {
              "Name": "ca-private-subnet-b"
            },
            "timeouts": null,
            "vpc_id": "vpc-049f187abbf144aca"
          },
          "sensitive_attributes": [],
          "private": "eyJlMmJmYjczMC1lY2FhLTExZTYtOGY4OC0zNDM2M2JjN2M0YzAiOnsiY3JlYXRlIjo2MDAwMDAwMDAwMDAsImRlbGV0ZSI6MTIwMDAwMDAwMDAwMH0sInNjaGVtYV92ZXJzaW9uIjoiMSJ9",
          "dependencies": [
            "module.vpc.aws_vpc.vpc"
          ]
        }
      ]
    },
    {
      "module": "module.vpc",
      "mode": "managed",
      "type": "aws_subnet",
      "name": "ca-public-subnet-a",
      "provider": "module.vpc.provider[\"registry.terraform.io/hashicorp/aws\"]",
      "instances": [
        {
          "schema_version": 1,
          "attributes": {
            "arn": "arn:aws:ec2:us-west-2:721598558192:subnet/subnet-0ff50e19b350d9601",
            "assign_ipv6_address_on_creation": false,
            "availability_zone": "us-west-2a",
            "availability_zone_id": "usw2-az1",
            "cidr_block": "10.21.0.0/20",
            "customer_owned_ipv4_pool": "",
            "enable_dns64": false,
            "enable_resource_name_dns_a_record_on_launch": false,
            "enable_resource_name_dns_aaaa_record_on_launch": false,
            "id": "subnet-0ff50e19b350d9601",
            "ipv6_cidr_block": "",
            "ipv6_cidr_block_association_id": "",
            "ipv6_native": false,
            "map_customer_owned_ip_on_launch": false,
            "map_public_ip_on_launch": false,
            "outpost_arn": "",
            "owner_id": "721598558192",
            "private_dns_hostname_type_on_launch": "ip-name",
            "tags": {
              "Name": "ca-public-subnet-a"
            },
            "tags_all": {
              "Name": "ca-public-subnet-a"
            },
            "timeouts": null,
            "vpc_id": "vpc-049f187abbf144aca"
          },
          "sensitive_attributes": [],
          "private": "eyJlMmJmYjczMC1lY2FhLTExZTYtOGY4OC0zNDM2M2JjN2M0YzAiOnsiY3JlYXRlIjo2MDAwMDAwMDAwMDAsImRlbGV0ZSI6MTIwMDAwMDAwMDAwMH0sInNjaGVtYV92ZXJzaW9uIjoiMSJ9",
          "dependencies": [
            "module.vpc.aws_vpc.vpc"
          ]
        }
      ]
    },
    {
      "module": "module.vpc",
      "mode": "managed",
      "type": "aws_subnet",
      "name": "ca-public-subnet-b",
      "provider": "module.vpc.provider[\"registry.terraform.io/hashicorp/aws\"]",
      "instances": [
        {
          "schema_version": 1,
          "attributes": {
            "arn": "arn:aws:ec2:us-west-2:721598558192:subnet/subnet-0a2896de00a9614aa",
            "assign_ipv6_address_on_creation": false,
            "availability_zone": "us-west-2b",
            "availability_zone_id": "usw2-az2",
            "cidr_block": "10.21.128.0/20",
            "customer_owned_ipv4_pool": "",
            "enable_dns64": false,
            "enable_resource_name_dns_a_record_on_launch": false,
            "enable_resource_name_dns_aaaa_record_on_launch": false,
            "id": "subnet-0a2896de00a9614aa",
            "ipv6_cidr_block": "",
            "ipv6_cidr_block_association_id": "",
            "ipv6_native": false,
            "map_customer_owned_ip_on_launch": false,
            "map_public_ip_on_launch": false,
            "outpost_arn": "",
            "owner_id": "721598558192",
            "private_dns_hostname_type_on_launch": "ip-name",
            "tags": {
              "Name": "ca-public-subnet-b"
            },
            "tags_all": {
              "Name": "ca-public-subnet-b"
            },
            "timeouts": null,
            "vpc_id": "vpc-049f187abbf144aca"
          },
          "sensitive_attributes": [],
          "private": "eyJlMmJmYjczMC1lY2FhLTExZTYtOGY4OC0zNDM2M2JjN2M0YzAiOnsiY3JlYXRlIjo2MDAwMDAwMDAwMDAsImRlbGV0ZSI6MTIwMDAwMDAwMDAwMH0sInNjaGVtYV92ZXJzaW9uIjoiMSJ9",
          "dependencies": [
            "module.vpc.aws_vpc.vpc"
          ]
        }
      ]
    },
    {
      "module": "module.vpc",
      "mode": "managed",
      "type": "aws_vpc",
      "name": "vpc",
      "provider": "module.vpc.provider[\"registry.terraform.io/hashicorp/aws\"]",
      "instances": [
        {
          "schema_version": 1,
          "attributes": {
            "arn": "arn:aws:ec2:us-west-2:721598558192:vpc/vpc-049f187abbf144aca",
            "assign_generated_ipv6_cidr_block": false,
            "cidr_block": "10.21.0.0/16",
            "default_network_acl_id": "acl-0bc56770cca108033",
            "default_route_table_id": "rtb-0ce0c9ca61c2f6b0a",
            "default_security_group_id": "sg-087689c0abc77f290",
            "dhcp_options_id": "dopt-07c29a53b9f657969",
            "enable_classiclink": false,
            "enable_classiclink_dns_support": false,
            "enable_dns_hostnames": false,
            "enable_dns_support": true,
            "id": "vpc-049f187abbf144aca",
            "instance_tenancy": "default",
            "ipv4_ipam_pool_id": null,
            "ipv4_netmask_length": null,
            "ipv6_association_id": "",
            "ipv6_cidr_block": "",
            "ipv6_cidr_block_network_border_group": "",
            "ipv6_ipam_pool_id": "",
            "ipv6_netmask_length": 0,
            "main_route_table_id": "rtb-0ce0c9ca61c2f6b0a",
            "owner_id": "721598558192",
            "tags": {
              "Name": "jenkins-vpc"
            },
            "tags_all": {
              "Name": "jenkins-vpc"
            }
          },
          "sensitive_attributes": [],
          "private": "eyJzY2hlbWFfdmVyc2lvbiI6IjEifQ=="
        }
      ]
    },
    {
      "module": "module.vpc",
      "mode": "managed",
      "type": "local_file",
      "name": "private_key",
      "provider": "provider[\"registry.terraform.io/hashicorp/local\"]",
      "instances": [
        {
          "schema_version": 0,
          "attributes": {
            "content": "-----BEGIN RSA PRIVATE KEY-----\nMIIEowIBAAKCAQEAtiESkECX0GpELa21qrZbc/Z9id9HTwU8s0y8XJ1xA4Eucsty\n73T4Z1IMmxtUatKVuKDOeL8t6ODzhZhiZRYl8reGQO92pDvH/fUTIAVWfJC1IHxb\nh+KdQAvFlvaub0fC3IFNxdr5JO019SoH7WZRPMycDlwuUo/qPSzVLSNUZeiJKRxw\nic52YtmRyCXo1Y4QL5Oj2wQgMejtj7tGQEQu107x5Y0b1p0vYnguP9bXMyg3Tmo1\nSmCvVzUWYweWHRevicIfbB0HXQV+TYR1EQKPjl2s1wMTygmunTuxxrFVwKLtu8+E\nhxV4Ekh2kyCSB4NCorc0W5uUpm8A3yRrruYvCQIDAQABAoIBAHAFFXreD8Ijqj2C\nK0uNj+BaSkqjpyNmMDiDyRMZzyn9qYj3s4CurB44bAJ2o8x0K5x8Y6IGzIEA4ydX\nW6WbIsoPsSZ9YraPAmoj85htUA2bn5wUgOOqMVf0JZq9rPpK5AJmEWTRUw4wTFC3\nglq05OCFZLK8Zc1oMQVhbtitczqd6j9zOSG6DD5/wEWx0b9AI99q7ityZN9vMh/i\nLOzxd6vPcZRXkfmq64yySYUSGPW+pd701El9f+aAUDs0pBEs699k+MhIDRMib84Q\nNCd7dgx8Zo7315Sy0KZo2ZIy6W/3x7c4tYEnFDOUJUNViD8re2X1VtazK9DUm7Sw\n0YuG36UCgYEA6otHyHkBQSgUnIhQRk2CvybGZQyCEb3WE3MACa7W/SsOKiL6Xa2g\nHTpzQjuEo/ohPeTIywVtM6GdTH4c5xEjiLQaPX7u/qSTnVF2KdQ+SnS5Q4Qs3Hcj\nEHwv+4LOatmcJwLu0SjQ961GM0Npf7TIIwxg1FJJAAnM8AyM18GQmUcCgYEAxspN\npqFxbkHtSbUpQuEmCl7Lcb0id2j9piX5+O4Ijzuukqek761HfwbMapA8Ff8qlH+r\nkZeipWC69juwv6/0PyTb/ajQIhdgG/tMzgfVhATt0LbrLvTKRW/R0sLz8l8103ZP\nk7wuewe6+yLimOOFeTCadwBMPs+G3Hnt/lqbHS8CgYB5lhZyUHhcBKEavHeQ2mGr\nIji67Y8ID3dIwdcFLgP5XjaLlXJg2b8lJ8XUUfJi5yoQYefNh1Si7WcT3lSxXGsl\nVOg9dO4ER+DWLwKokIRyKKxZ2c0/xOsCgr6FDbxgG8sdViHjf9tEaij4Ljwknd0a\nfjI8HyQExw/caUUiHBAPxQKBgQDEoKZeA6JnJN7I4WCGvp0Z9NnXDvVgl4ENLtMq\n3oeo5aeveBM033iwtNDNNw231EURzZau1AYU/rDvjesuL6SwMI1JQgldLzHpe5Bk\n2mrfwuBYahYGxCqutAQfLKaPPo3HNGdSAfkXyHWyorbv81y6mtCulKTWG/+RZSl7\nRbPYEQKBgFCod15h7bVFlF2rYSVoNP57ehjrySfDaPyr7XjgLlz58bw4l9QR6Ujw\noqR3iGLXxRxZP4hsLbSeQfU32T5wQN6qUXDqLdln0XMiBlgpbu/BVVzGUM4P7HqY\nP0DFUHIubKArakeq+m7dh+6uTzaJOlc2QeofwlKOWkhvtF8Pe4UF\n-----END RSA PRIVATE KEY-----\n",
            "content_base64": null,
            "directory_permission": "0777",
            "file_permission": "0400",
            "filename": "aaa-key.pem",
            "id": "d96cfa673c7e0d8c985ce9b8725cb3da6b94d7e7",
            "sensitive_content": null,
            "source": null
          },
          "sensitive_attributes": [
            [
              {
                "type": "get_attr",
                "value": "content"
              }
            ]
          ],
          "private": "bnVsbA==",
          "dependencies": [
            "module.vpc.tls_private_key.key"
          ]
        }
      ]
    },
    {
      "module": "module.vpc",
      "mode": "managed",
      "type": "tls_private_key",
      "name": "key",
      "provider": "provider[\"registry.terraform.io/hashicorp/tls\"]",
      "instances": [
        {
          "schema_version": 1,
          "attributes": {
            "algorithm": "RSA",
            "ecdsa_curve": "P224",
            "id": "b5cd9928a774c4e44ebd5c3faa4d8730732dbb85",
            "private_key_openssh": "-----BEGIN OPENSSH PRIVATE KEY-----\nb3BlbnNzaC1rZXktdjEAAAAABG5vbmUAAAAEbm9uZQAAAAAAAAABAAABFwAAAAdz\nc2gtcnNhAAAAAwEAAQAAAQEAtiESkECX0GpELa21qrZbc/Z9id9HTwU8s0y8XJ1x\nA4Eucsty73T4Z1IMmxtUatKVuKDOeL8t6ODzhZhiZRYl8reGQO92pDvH/fUTIAVW\nfJC1IHxbh+KdQAvFlvaub0fC3IFNxdr5JO019SoH7WZRPMycDlwuUo/qPSzVLSNU\nZeiJKRxwic52YtmRyCXo1Y4QL5Oj2wQgMejtj7tGQEQu107x5Y0b1p0vYnguP9bX\nMyg3Tmo1SmCvVzUWYweWHRevicIfbB0HXQV+TYR1EQKPjl2s1wMTygmunTuxxrFV\nwKLtu8+EhxV4Ekh2kyCSB4NCorc0W5uUpm8A3yRrruYvCQAAA7jfNzDx3zcw8QAA\nAAdzc2gtcnNhAAABAQC2IRKQQJfQakQtrbWqtltz9n2J30dPBTyzTLxcnXEDgS5y\ny3LvdPhnUgybG1Rq0pW4oM54vy3o4POFmGJlFiXyt4ZA73akO8f99RMgBVZ8kLUg\nfFuH4p1AC8WW9q5vR8LcgU3F2vkk7TX1KgftZlE8zJwOXC5Sj+o9LNUtI1Rl6Ikp\nHHCJznZi2ZHIJejVjhAvk6PbBCAx6O2Pu0ZARC7XTvHljRvWnS9ieC4/1tczKDdO\najVKYK9XNRZjB5YdF6+Jwh9sHQddBX5NhHURAo+OXazXAxPKCa6dO7HGsVXAou27\nz4SHFXgSSHaTIJIHg0KitzRbm5SmbwDfJGuu5i8JAAAAAwEAAQAAAQBwBRV63g/C\nI6o9gitLjY/gWkpKo6cjZjA4g8kTGc8p/amI97OArqweOGwCdqPMdCucfGOiBsyB\nAOMnV1ulmyLKD7EmfWK2jwJqI/OYbVANm5+cFIDjqjFX9CWavaz6SuQCZhFk0VMO\nMExQt4JatOTghWSyvGXNaDEFYW7YrXM6neo/czkhugw+f8BFsdG/QCPfau4rcmTf\nbzIf4izs8Xerz3GUV5H5quuMskmFEhj1vqXe9NRJfX/mgFA7NKQRLOvfZPjISA0T\nIm/OEDQne3YMfGaO99eUstCmaNmSMulv98e3OLWBJxQzlCVDVYg/K3tl9VbWsyvQ\n1Ju0sNGLht+lAAAAgFCod15h7bVFlF2rYSVoNP57ehjrySfDaPyr7XjgLlz58bw4\nl9QR6UjwoqR3iGLXxRxZP4hsLbSeQfU32T5wQN6qUXDqLdln0XMiBlgpbu/BVVzG\nUM4P7HqYP0DFUHIubKArakeq+m7dh+6uTzaJOlc2QeofwlKOWkhvtF8Pe4UFAAAA\ngQDqi0fIeQFBKBSciFBGTYK/JsZlDIIRvdYTcwAJrtb9Kw4qIvpdraAdOnNCO4Sj\n+iE95MjLBW0zoZ1MfhznESOItBo9fu7+pJOdUXYp1D5KdLlDhCzcdyMQfC/7gs5q\n2ZwnAu7RKND3rUYzQ2l/tMgjDGDUUkkACczwDIzXwZCZRwAAAIEAxspNpqFxbkHt\nSbUpQuEmCl7Lcb0id2j9piX5+O4Ijzuukqek761HfwbMapA8Ff8qlH+rkZeipWC6\n9juwv6/0PyTb/ajQIhdgG/tMzgfVhATt0LbrLvTKRW/R0sLz8l8103ZPk7wuewe6\n+yLimOOFeTCadwBMPs+G3Hnt/lqbHS8AAAAAAQID\n-----END OPENSSH PRIVATE KEY-----\n",
            "private_key_pem": "-----BEGIN RSA PRIVATE KEY-----\nMIIEowIBAAKCAQEAtiESkECX0GpELa21qrZbc/Z9id9HTwU8s0y8XJ1xA4Eucsty\n73T4Z1IMmxtUatKVuKDOeL8t6ODzhZhiZRYl8reGQO92pDvH/fUTIAVWfJC1IHxb\nh+KdQAvFlvaub0fC3IFNxdr5JO019SoH7WZRPMycDlwuUo/qPSzVLSNUZeiJKRxw\nic52YtmRyCXo1Y4QL5Oj2wQgMejtj7tGQEQu107x5Y0b1p0vYnguP9bXMyg3Tmo1\nSmCvVzUWYweWHRevicIfbB0HXQV+TYR1EQKPjl2s1wMTygmunTuxxrFVwKLtu8+E\nhxV4Ekh2kyCSB4NCorc0W5uUpm8A3yRrruYvCQIDAQABAoIBAHAFFXreD8Ijqj2C\nK0uNj+BaSkqjpyNmMDiDyRMZzyn9qYj3s4CurB44bAJ2o8x0K5x8Y6IGzIEA4ydX\nW6WbIsoPsSZ9YraPAmoj85htUA2bn5wUgOOqMVf0JZq9rPpK5AJmEWTRUw4wTFC3\nglq05OCFZLK8Zc1oMQVhbtitczqd6j9zOSG6DD5/wEWx0b9AI99q7ityZN9vMh/i\nLOzxd6vPcZRXkfmq64yySYUSGPW+pd701El9f+aAUDs0pBEs699k+MhIDRMib84Q\nNCd7dgx8Zo7315Sy0KZo2ZIy6W/3x7c4tYEnFDOUJUNViD8re2X1VtazK9DUm7Sw\n0YuG36UCgYEA6otHyHkBQSgUnIhQRk2CvybGZQyCEb3WE3MACa7W/SsOKiL6Xa2g\nHTpzQjuEo/ohPeTIywVtM6GdTH4c5xEjiLQaPX7u/qSTnVF2KdQ+SnS5Q4Qs3Hcj\nEHwv+4LOatmcJwLu0SjQ961GM0Npf7TIIwxg1FJJAAnM8AyM18GQmUcCgYEAxspN\npqFxbkHtSbUpQuEmCl7Lcb0id2j9piX5+O4Ijzuukqek761HfwbMapA8Ff8qlH+r\nkZeipWC69juwv6/0PyTb/ajQIhdgG/tMzgfVhATt0LbrLvTKRW/R0sLz8l8103ZP\nk7wuewe6+yLimOOFeTCadwBMPs+G3Hnt/lqbHS8CgYB5lhZyUHhcBKEavHeQ2mGr\nIji67Y8ID3dIwdcFLgP5XjaLlXJg2b8lJ8XUUfJi5yoQYefNh1Si7WcT3lSxXGsl\nVOg9dO4ER+DWLwKokIRyKKxZ2c0/xOsCgr6FDbxgG8sdViHjf9tEaij4Ljwknd0a\nfjI8HyQExw/caUUiHBAPxQKBgQDEoKZeA6JnJN7I4WCGvp0Z9NnXDvVgl4ENLtMq\n3oeo5aeveBM033iwtNDNNw231EURzZau1AYU/rDvjesuL6SwMI1JQgldLzHpe5Bk\n2mrfwuBYahYGxCqutAQfLKaPPo3HNGdSAfkXyHWyorbv81y6mtCulKTWG/+RZSl7\nRbPYEQKBgFCod15h7bVFlF2rYSVoNP57ehjrySfDaPyr7XjgLlz58bw4l9QR6Ujw\noqR3iGLXxRxZP4hsLbSeQfU32T5wQN6qUXDqLdln0XMiBlgpbu/BVVzGUM4P7HqY\nP0DFUHIubKArakeq+m7dh+6uTzaJOlc2QeofwlKOWkhvtF8Pe4UF\n-----END RSA PRIVATE KEY-----\n",
            "private_key_pem_pkcs8": "-----BEGIN PRIVATE KEY-----\nMIIEvQIBADANBgkqhkiG9w0BAQEFAASCBKcwggSjAgEAAoIBAQC2IRKQQJfQakQt\nrbWqtltz9n2J30dPBTyzTLxcnXEDgS5yy3LvdPhnUgybG1Rq0pW4oM54vy3o4POF\nmGJlFiXyt4ZA73akO8f99RMgBVZ8kLUgfFuH4p1AC8WW9q5vR8LcgU3F2vkk7TX1\nKgftZlE8zJwOXC5Sj+o9LNUtI1Rl6IkpHHCJznZi2ZHIJejVjhAvk6PbBCAx6O2P\nu0ZARC7XTvHljRvWnS9ieC4/1tczKDdOajVKYK9XNRZjB5YdF6+Jwh9sHQddBX5N\nhHURAo+OXazXAxPKCa6dO7HGsVXAou27z4SHFXgSSHaTIJIHg0KitzRbm5SmbwDf\nJGuu5i8JAgMBAAECggEAcAUVet4PwiOqPYIrS42P4FpKSqOnI2YwOIPJExnPKf2p\niPezgK6sHjhsAnajzHQrnHxjogbMgQDjJ1dbpZsiyg+xJn1ito8CaiPzmG1QDZuf\nnBSA46oxV/Qlmr2s+krkAmYRZNFTDjBMULeCWrTk4IVksrxlzWgxBWFu2K1zOp3q\nP3M5IboMPn/ARbHRv0Aj32ruK3Jk328yH+Is7PF3q89xlFeR+arrjLJJhRIY9b6l\n3vTUSX1/5oBQOzSkESzr32T4yEgNEyJvzhA0J3t2DHxmjvfXlLLQpmjZkjLpb/fH\ntzi1gScUM5QlQ1WIPyt7ZfVW1rMr0NSbtLDRi4bfpQKBgQDqi0fIeQFBKBSciFBG\nTYK/JsZlDIIRvdYTcwAJrtb9Kw4qIvpdraAdOnNCO4Sj+iE95MjLBW0zoZ1Mfhzn\nESOItBo9fu7+pJOdUXYp1D5KdLlDhCzcdyMQfC/7gs5q2ZwnAu7RKND3rUYzQ2l/\ntMgjDGDUUkkACczwDIzXwZCZRwKBgQDGyk2moXFuQe1JtSlC4SYKXstxvSJ3aP2m\nJfn47giPO66Sp6TvrUd/BsxqkDwV/yqUf6uRl6KlYLr2O7C/r/Q/JNv9qNAiF2Ab\n+0zOB9WEBO3Qtusu9MpFb9HSwvPyXzXTdk+TvC57B7r7IuKY44V5MJp3AEw+z4bc\nee3+WpsdLwKBgHmWFnJQeFwEoRq8d5DaYasiOLrtjwgPd0jB1wUuA/leNouVcmDZ\nvyUnxdRR8mLnKhBh582HVKLtZxPeVLFcayVU6D107gRH4NYvAqiQhHIorFnZzT/E\n6wKCvoUNvGAbyx1WIeN/20RqKPguPCSd3Rp+MjwfJATHD9xpRSIcEA/FAoGBAMSg\npl4Domck3sjhYIa+nRn02dcO9WCXgQ0u0yreh6jlp694EzTfeLC00M03DbfURRHN\nlq7UBhT+sO+N6y4vpLAwjUlCCV0vMel7kGTaat/C4FhqFgbEKq60BB8spo8+jcc0\nZ1IB+RfIdbKitu/zXLqa0K6UpNYb/5FlKXtFs9gRAoGAUKh3XmHttUWUXathJWg0\n/nt6GOvJJ8No/KvteOAuXPnxvDiX1BHpSPCipHeIYtfFHFk/iGwttJ5B9TfZPnBA\n3qpRcOot2WfRcyIGWClu78FVXMZQzg/sepg/QMVQci5soCtqR6r6bt2H7q5PNok6\nVzZB6h/CUo5aSG+0Xw97hQU=\n-----END PRIVATE KEY-----\n",
            "public_key_fingerprint_md5": "80:4f:03:64:65:b5:1c:b0:58:d3:f1:3d:25:62:80:97",
            "public_key_fingerprint_sha256": "SHA256:Eia9KjCYno9SGLmeTN0CUgJbE4e3/hBvP/BoapB83+U",
            "public_key_openssh": "ssh-rsa AAAAB3NzaC1yc2EAAAADAQABAAABAQC2IRKQQJfQakQtrbWqtltz9n2J30dPBTyzTLxcnXEDgS5yy3LvdPhnUgybG1Rq0pW4oM54vy3o4POFmGJlFiXyt4ZA73akO8f99RMgBVZ8kLUgfFuH4p1AC8WW9q5vR8LcgU3F2vkk7TX1KgftZlE8zJwOXC5Sj+o9LNUtI1Rl6IkpHHCJznZi2ZHIJejVjhAvk6PbBCAx6O2Pu0ZARC7XTvHljRvWnS9ieC4/1tczKDdOajVKYK9XNRZjB5YdF6+Jwh9sHQddBX5NhHURAo+OXazXAxPKCa6dO7HGsVXAou27z4SHFXgSSHaTIJIHg0KitzRbm5SmbwDfJGuu5i8J\n",
            "public_key_pem": "-----BEGIN PUBLIC KEY-----\nMIIBIjANBgkqhkiG9w0BAQEFAAOCAQ8AMIIBCgKCAQEAtiESkECX0GpELa21qrZb\nc/Z9id9HTwU8s0y8XJ1xA4Eucsty73T4Z1IMmxtUatKVuKDOeL8t6ODzhZhiZRYl\n8reGQO92pDvH/fUTIAVWfJC1IHxbh+KdQAvFlvaub0fC3IFNxdr5JO019SoH7WZR\nPMycDlwuUo/qPSzVLSNUZeiJKRxwic52YtmRyCXo1Y4QL5Oj2wQgMejtj7tGQEQu\n107x5Y0b1p0vYnguP9bXMyg3Tmo1SmCvVzUWYweWHRevicIfbB0HXQV+TYR1EQKP\njl2s1wMTygmunTuxxrFVwKLtu8+EhxV4Ekh2kyCSB4NCorc0W5uUpm8A3yRrruYv\nCQIDAQAB\n-----END PUBLIC KEY-----\n",
            "rsa_bits": 2048
          },
          "sensitive_attributes": []
        }
      ]
    }
  ],
  "check_results": []
}
